
Microsoft Visual Studio Solution File, Format Version 12.00
# Visual Studio 15
VisualStudioVersion = 15.0.27428.2011
MinimumVisualStudioVersion = 10.0.40219.1
Project("{2150E333-8FDC-42A3-9474-1A3956D46DE8}") = "PresentationLayer", "PresentationLayer", "{E4F6011A-0DC2-4CEF-B8AE-E7220EE65211}"
EndProject
Project("{2150E333-8FDC-42A3-9474-1A3956D46DE8}") = "ServiceLayer", "ServiceLayer", "{999955F4-6DA5-4E1B-8D98-6AB577856018}"
EndProject
Project("{9A19103F-16F7-4668-BE54-9A1E7A4F7556}") = "WebApi", "WebApi\WebApi.csproj", "{9ED02398-B30B-47C9-B598-50F9ABC8F970}"
EndProject
Project("{9A19103F-16F7-4668-BE54-9A1E7A4F7556}") = "CommonLib", "CommonLib\CommonLib.csproj", "{34C9032A-DA14-44DA-A39A-5DCF9CFAB77F}"
EndProject
Project("{9A19103F-16F7-4668-BE54-9A1E7A4F7556}") = "Infrastructure", "Infrastructure\Infrastructure.csproj", "{F9463587-B92D-4D22-B896-D77181628C35}"
EndProject
Project("{FAE04EC0-301F-11D3-BF4B-00C04F79EFBC}") = "TaskManagerEntity", "..\TaskManagerEntity\TaskManagerEntity.csproj", "{CAECAAD8-3FA5-43CB-815C-8084DA07F05E}"
EndProject
Global
	GlobalSection(SolutionConfigurationPlatforms) = preSolution
		Debug|Any CPU = Debug|Any CPU
		Release|Any CPU = Release|Any CPU
	EndGlobalSection
	GlobalSection(ProjectConfigurationPlatforms) = postSolution
		{9ED02398-B30B-47C9-B598-50F9ABC8F970}.Debug|Any CPU.ActiveCfg = Debug|Any CPU
		{9ED02398-B30B-47C9-B598-50F9ABC8F970}.Debug|Any CPU.Build.0 = Debug|Any CPU
		{9ED02398-B30B-47C9-B598-50F9ABC8F970}.Release|Any CPU.ActiveCfg = Release|Any CPU
		{9ED02398-B30B-47C9-B598-50F9ABC8F970}.Release|Any CPU.Build.0 = Release|Any CPU
		{34C9032A-DA14-44DA-A39A-5DCF9CFAB77F}.Debug|Any CPU.ActiveCfg = Debug|Any CPU
		{34C9032A-DA14-44DA-A39A-5DCF9CFAB77F}.Debug|Any CPU.Build.0 = Debug|Any CPU
		{34C9032A-DA14-44DA-A39A-5DCF9CFAB77F}.Release|Any CPU.ActiveCfg = Release|Any CPU
		{34C9032A-DA14-44DA-A39A-5DCF9CFAB77F}.Release|Any CPU.Build.0 = Release|Any CPU
		{F9463587-B92D-4D22-B896-D77181628C35}.Debug|Any CPU.ActiveCfg = Debug|Any CPU
		{F9463587-B92D-4D22-B896-D77181628C35}.Debug|Any CPU.Build.0 = Debug|Any CPU
		{F9463587-B92D-4D22-B896-D77181628C35}.Release|Any CPU.ActiveCfg = Release|Any CPU
		{F9463587-B92D-4D22-B896-D77181628C35}.Release|Any CPU.Build.0 = Release|Any CPU
		{CAECAAD8-3FA5-43CB-815C-8084DA07F05E}.Debug|Any CPU.ActiveCfg = Debug|Any CPU
		{CAECAAD8-3FA5-43CB-815C-8084DA07F05E}.Debug|Any CPU.Build.0 = Debug|Any CPU
		{CAECAAD8-3FA5-43CB-815C-8084DA07F05E}.Release|Any CPU.ActiveCfg = Release|Any CPU
		{CAECAAD8-3FA5-43CB-815C-8084DA07F05E}.Release|Any CPU.Build.0 = Release|Any CPU
	EndGlobalSection
	GlobalSection(SolutionProperties) = preSolution
		HideSolutionNode = FALSE
	EndGlobalSection
	GlobalSection(NestedProjects) = preSolution
		{9ED02398-B30B-47C9-B598-50F9ABC8F970} = {E4F6011A-0DC2-4CEF-B8AE-E7220EE65211}
		{34C9032A-DA14-44DA-A39A-5DCF9CFAB77F} = {999955F4-6DA5-4E1B-8D98-6AB577856018}
		{F9463587-B92D-4D22-B896-D77181628C35} = {999955F4-6DA5-4E1B-8D98-6AB577856018}
		{CAECAAD8-3FA5-43CB-815C-8084DA07F05E} = {999955F4-6DA5-4E1B-8D98-6AB577856018}
	EndGlobalSection
	GlobalSection(ExtensibilityGlobals) = postSolution
		SolutionGuid = {FC1AB2E6-7CD4-4168-85E9-7E26C6A20D3C}
	EndGlobalSection
EndGlobal
